
Microsoft Visual Studio Solution File, Format Version 12.00
# Visual Studio Version 17
VisualStudioVersion = 17.11.35222.181
MinimumVisualStudioVersion = 10.0.40219.1
Project("{FAE04EC0-301F-11D3-BF4B-00C04F79EFBC}") = "DemoVisitorInfoApp", "DemoVisitorInfoApp\DemoVisitorInfoApp.csproj", "{93DF13ED-D628-416E-A30E-7FBA715C8C6C}"
EndProject
Global
	GlobalSection(SolutionConfigurationPlatforms) = preSolution
		Debug|Any CPU = Debug|Any CPU
		Release|Any CPU = Release|Any CPU
	EndGlobalSection
	GlobalSection(ProjectConfigurationPlatforms) = postSolution
		{93DF13ED-D628-416E-A30E-7FBA715C8C6C}.Debug|Any CPU.ActiveCfg = Debug|Any CPU
		{93DF13ED-D628-416E-A30E-7FBA715C8C6C}.Debug|Any CPU.Build.0 = Debug|Any CPU
		{93DF13ED-D628-416E-A30E-7FBA715C8C6C}.Release|Any CPU.ActiveCfg = Release|Any CPU
		{93DF13ED-D628-416E-A30E-7FBA715C8C6C}.Release|Any CPU.Build.0 = Release|Any CPU
	EndGlobalSection
	GlobalSection(SolutionProperties) = preSolution
		HideSolutionNode = FALSE
	EndGlobalSection
	GlobalSection(ExtensibilityGlobals) = postSolution
		SolutionGuid = {78E30952-2389-4BC8-9D54-E3FF91C72932}
	EndGlobalSection
EndGlobal
